
Microsoft Visual Studio Solution File, Format Version 12.00
# Visual Studio Version 17
VisualStudioVersion = 17.3.32922.545
MinimumVisualStudioVersion = 10.0.40219.1
Project("{FAE04EC0-301F-11D3-BF4B-00C04F79EFBC}") = "Assignment2-KorbinDansie", "Assignment2-KorbinDansie\Assignment2-KorbinDansie.csproj", "{F422AE1F-7D77-4E06-85D7-B1174A47FA6F}"
EndProject
Global
	GlobalSection(SolutionConfigurationPlatforms) = preSolution
		Debug|Any CPU = Debug|Any CPU
		Release|Any CPU = Release|Any CPU
	EndGlobalSection
	GlobalSection(ProjectConfigurationPlatforms) = postSolution
		{F422AE1F-7D77-4E06-85D7-B1174A47FA6F}.Debug|Any CPU.ActiveCfg = Debug|Any CPU
		{F422AE1F-7D77-4E06-85D7-B1174A47FA6F}.Debug|Any CPU.Build.0 = Debug|Any CPU
		{F422AE1F-7D77-4E06-85D7-B1174A47FA6F}.Release|Any CPU.ActiveCfg = Release|Any CPU
		{F422AE1F-7D77-4E06-85D7-B1174A47FA6F}.Release|Any CPU.Build.0 = Release|Any CPU
	EndGlobalSection
	GlobalSection(SolutionProperties) = preSolution
		HideSolutionNode = FALSE
	EndGlobalSection
	GlobalSection(ExtensibilityGlobals) = postSolution
		SolutionGuid = {01913ECF-A277-4E23-AE0E-5F6B6FACDA95}
	EndGlobalSection
EndGlobal
